// !$*UTF8*$!
{
	archiveVersion = 1;
	classes = {
	};
	objectVersion = 50;
	objects = {

/* Begin PBXBuildFile section */
		02BCD23120B971FD00BAAA82 /* AppDelegate.swift in Sources */ = {isa = PBXBuildFile; fileRef = 02BCD23020B971FD00BAAA82 /* AppDelegate.swift */; };
		02BCD23320B971FD00BAAA82 /* ViewController.swift in Sources */ = {isa = PBXBuildFile; fileRef = 02BCD23220B971FD00BAAA82 /* ViewController.swift */; };
		02BCD23620B971FD00BAAA82 /* Main.storyboard in Resources */ = {isa = PBXBuildFile; fileRef = 02BCD23420B971FD00BAAA82 /* Main.storyboard */; };
		02BCD23820B971FE00BAAA82 /* Assets.xcassets in Resources */ = {isa = PBXBuildFile; fileRef = 02BCD23720B971FE00BAAA82 /* Assets.xcassets */; };
		02BCD23B20B971FE00BAAA82 /* LaunchScreen.storyboard in Resources */ = {isa = PBXBuildFile; fileRef = 02BCD23920B971FE00BAAA82 /* LaunchScreen.storyboard */; };
		02BCD24320B9790700BAAA82 /* TableViewController.swift in Sources */ = {isa = PBXBuildFile; fileRef = 02BCD24220B9790700BAAA82 /* TableViewController.swift */; };
/* End PBXBuildFile section */

/* Begin PBXFileReference section */
		02BCD22D20B971FD00BAAA82 /* iOS_CollectionViews.app */ = {isa = PBXFileReference; explicitFileType = wrapper.application; includeInIndex = 0; path = iOS_CollectionViews.app; sourceTree = BUILT_PRODUCTS_DIR; };
		02BCD23020B971FD00BAAA82 /* AppDelegate.swift */ = {isa = PBXFileReference; lastKnownFileType = sourcecode.swift; path = AppDelegate.swift; sourceTree = "<group>"; };
		02BCD23220B971FD00BAAA82 /* ViewController.swift */ = {isa = PBXFileReference; lastKnownFileType = sourcecode.swift; path = ViewController.swift; sourceTree = "<group>"; };
		02BCD23520B971FD00BAAA82 /* Base */ = {isa = PBXFileReference; lastKnownFileType = file.storyboard; name = Base; path = Base.lproj/Main.storyboard; sourceTree = "<group>"; };
		02BCD23720B971FE00BAAA82 /* Assets.xcassets */ = {isa = PBXFileReference; lastKnownFileType = folder.assetcatalog; path = Assets.xcassets; sourceTree = "<group>"; };
		02BCD23A20B971FE00BAAA82 /* Base */ = {isa = PBXFileReference; lastKnownFileType = file.storyboard; name = Base; path = Base.lproj/LaunchScreen.storyboard; sourceTree = "<group>"; };
		02BCD23C20B971FE00BAAA82 /* Info.plist */ = {isa = PBXFileReference; lastKnownFileType = text.plist.xml; path = Info.plist; sourceTree = "<group>"; };
		02BCD24220B9790700BAAA82 /* TableViewController.swift */ = {isa = PBXFileReference; lastKnownFileType = sourcecode.swift; path = TableViewController.swift; sourceTree = "<group>"; };
/* End PBXFileReference section */

/* Begin PBXFrameworksBuildPhase section */
		02BCD22A20B971FD00BAAA82 /* Frameworks */ = {
			isa = PBXFrameworksBuildPhase;
			buildActionMask = 2147483647;
			files = (
			);
			runOnlyForDeploymentPostprocessing = 0;
		};
/* End PBXFrameworksBuildPhase section */

/* Begin PBXGroup section */
		02BCD22420B971FD00BAAA82 = {
			isa = PBXGroup;
			children = (
				02BCD22F20B971FD00BAAA82 /* iOS_CollectionViews */,
				02BCD22E20B971FD00BAAA82 /* Products */,
			);
			sourceTree = "<group>";
		};
		02BCD22E20B971FD00BAAA82 /* Products */ = {
			isa = PBXGroup;
			children = (
				02BCD22D20B971FD00BAAA82 /* iOS_CollectionViews.app */,
			);
			name = Products;
			sourceTree = "<group>";
		};
		02BCD22F20B971FD00BAAA82 /* iOS_CollectionViews */ = {
			isa = PBXGroup;
			children = (
				02BCD23020B971FD00BAAA82 /* AppDelegate.swift */,
				02BCD23220B971FD00BAAA82 /* ViewController.swift */,
				02BCD23420B971FD00BAAA82 /* Main.storyboard */,
				02BCD24220B9790700BAAA82 /* TableViewController.swift */,
				02BCD23720B971FE00BAAA82 /* Assets.xcassets */,
				02BCD23920B971FE00BAAA82 /* LaunchScreen.storyboard */,
				02BCD23C20B971FE00BAAA82 /* Info.plist */,
			);
			path = iOS_CollectionViews;
			sourceTree = "<group>";
		};
/* End PBXGroup section */

/* Begin PBXNativeTarget section */
		02BCD22C20B971FD00BAAA82 /* iOS_CollectionViews */ = {
			isa = PBXNativeTarget;
			buildConfigurationList = 02BCD23F20B971FE00BAAA82 /* Build configuration list for PBXNativeTarget "iOS_CollectionViews" */;
			buildPhases = (
				02BCD22920B971FD00BAAA82 /* Sources */,
				02BCD22A20B971FD00BAAA82 /* Frameworks */,
				02BCD22B20B971FD00BAAA82 /* Resources */,
			);
			buildRules = (
			);
			dependencies = (
			);
			name = iOS_CollectionViews;
			productName = iOS_CollectionViews;
			productReference = 02BCD22D20B971FD00BAAA82 /* iOS_CollectionViews.app */;
			productType = "com.apple.product-type.application";
		};
/* End PBXNativeTarget section */

/* Begin PBXProject section */
		02BCD22520B971FD00BAAA82 /* Project object */ = {
			isa = PBXProject;
			attributes = {
				LastSwiftUpdateCheck = 0930;
				LastUpgradeCheck = 0930;
				ORGANIZATIONNAME = "Markus Stöbe";
				TargetAttributes = {
					02BCD22C20B971FD00BAAA82 = {
						CreatedOnToolsVersion = 9.3.1;
					};
				};
			};
			buildConfigurationList = 02BCD22820B971FD00BAAA82 /* Build configuration list for PBXProject "iOS_CollectionViews" */;
			compatibilityVersion = "Xcode 9.3";
			developmentRegion = en;
			hasScannedForEncodings = 0;
			knownRegions = (
				en,
				Base,
			);
			mainGroup = 02BCD22420B971FD00BAAA82;
			productRefGroup = 02BCD22E20B971FD00BAAA82 /* Products */;
			projectDirPath = "";
			projectRoot = "";
			targets = (
				02BCD22C20B971FD00BAAA82 /* iOS_CollectionViews */,
			);
		};
/* End PBXProject section */

/* Begin PBXResourcesBuildPhase section */
		02BCD22B20B971FD00BAAA82 /* Resources */ = {
			isa = PBXResourcesBuildPhase;
			buildActionMask = 2147483647;
			files = (
				02BCD23B20B971FE00BAAA82 /* LaunchScreen.storyboard in Resources */,
				02BCD23820B971FE00BAAA82 /* Assets.xcassets in Resources */,
				02BCD23620B971FD00BAAA82 /* Main.storyboard in Resources */,
			);
			runOnlyForDeploymentPostprocessing = 0;
		};
/* End PBXResourcesBuildPhase section */

/* Begin PBXSourcesBuildPhase section */
		02BCD22920B971FD00BAAA82 /* Sources */ = {
			isa = PBXSourcesBuildPhase;
			buildActionMask = 2147483647;
			files = (
				02BCD23320B971FD00BAAA82 /* ViewController.swift in Sources */,
				02BCD24320B9790700BAAA82 /* TableViewController.swift in Sources */,
				02BCD23120B971FD00BAAA82 /* AppDelegate.swift in Sources */,
			);
			runOnlyForDeploymentPostprocessing = 0;
		};
/* End PBXSourcesBuildPhase section */

/* Begin PBXVariantGroup section */
		02BCD23420B971FD00BAAA82 /* Main.storyboard */ = {
			isa = PBXVariantGroup;
			children = (
				02BCD23520B971FD00BAAA82 /* Base */,
			);
			name = Main.storyboard;
			sourceTree = "<group>";
		};
		02BCD23920B971FE00BAAA82 /* LaunchScreen.storyboard */ = {
			isa = PBXVariantGroup;
			children = (
				02BCD23A20B971FE00BAAA82 /* Base */,
			);
			name = LaunchScreen.storyboard;
			sourceTree = "<group>";
		};
/* End PBXVariantGroup section */

/* Begin XCBuildConfiguration section */
		02BCD23D20B971FE00BAAA82 /* Debug */ = {
			isa = XCBuildConfiguration;
			buildSettings = {
				ALWAYS_SEARCH_USER_PATHS = NO;
				CLANG_ANALYZER_NONNULL = YES;
				CLANG_ANALYZER_NUMBER_OBJECT_CONVERSION = YES_AGGRESSIVE;
				CLANG_CXX_LANGUAGE_STANDARD = "gnu++14";
				CLANG_CXX_LIBRARY = "libc++";
				CLANG_ENABLE_MODULES = YES;
				CLANG_ENABLE_OBJC_ARC = YES;
				CLANG_ENABLE_OBJC_WEAK = YES;
				CLANG_WARN_BLOCK_CAPTURE_AUTORELEASING = YES;
				CLANG_WARN_BOOL_CONVERSION = YES;
				CLANG_WARN_COMMA = YES;
				CLANG_WARN_CONSTANT_CONVERSION = YES;
				CLANG_WARN_DEPRECATED_OBJC_IMPLEMENTATIONS = YES;
				CLANG_WARN_DIRECT_OBJC_ISA_USAGE = YES_ERROR;
				CLANG_WARN_DOCUMENTATION_COMMENTS = YES;
				CLANG_WARN_EMPTY_BODY = YES;
				CLANG_WARN_ENUM_CONVERSION = YES;
				CLANG_WARN_INFINITE_RECURSION = YES;
				CLANG_WARN_INT_CONVERSION = YES;
				CLANG_WARN_NON_LITERAL_NULL_CONVERSION = YES;
				CLANG_WARN_OBJC_IMPLICIT_RETAIN_SELF = YES;
				CLANG_WARN_OBJC_LITERAL_CONVERSION = YES;
				CLANG_WARN_OBJC_ROOT_CLASS = YES_ERROR;
				CLANG_WARN_RANGE_LOOP_ANALYSIS = YES;
				CLANG_WARN_STRICT_PROTOTYPES = YES;
				CLANG_WARN_SUSPICIOUS_MOVE = YES;
				CLANG_WARN_UNGUARDED_AVAILABILITY = YES_AGGRESSIVE;
				CLANG_WARN_UNREACHABLE_CODE = YES;
				CLANG_WARN__DUPLICATE_METHOD_MATCH = YES;
				CODE_SIGN_IDENTITY = "iPhone Developer";
				COPY_PHASE_STRIP = NO;
				DEBUG_INFORMATION_FORMAT = dwarf;
				ENABLE_STRICT_OBJC_MSGSEND = YES;
				ENABLE_TESTABILITY = YES;
				GCC_C_LANGUAGE_STANDARD = gnu11;
				GCC_DYNAMIC_NO_PIC = NO;
				GCC_NO_COMMON_BLOCKS = YES;
				GCC_OPTIMIZATION_LEVEL = 0;
				GCC_PREPROCESSOR_DEFINITIONS = (
					"DEBUG=1",
					"$(inherited)",
				);
				GCC_WARN_64_TO_32_BIT_CONVERSION = YES;
				GCC_WARN_ABOUT_RETURN_TYPE = YES_ERROR;
				GCC_WARN_UNDECLARED_SELECTOR = YES;
				GCC_WARN_UNINITIALIZED_AUTOS = YES_AGGRESSIVE;
				GCC_WARN_UNUSED_FUNCTION = YES;
				GCC_WARN_UNUSED_VARIABLE = YES;
				IPHONEOS_DEPLOYMENT_TARGET = 11.3;
				MTL_ENABLE_DEBUG_INFO = YES;
				ONLY_ACTIVE_ARCH = YES;
				SDKROOT = iphoneos;
				SWIFT_ACTIVE_COMPILATION_CONDITIONS = DEBUG;
				SWIFT_OPTIMIZATION_LEVEL = "-Onone";
			};
			name = Debug;
		};
		02BCD23E20B971FE00BAAA82 /* Release */ = {
			isa = XCBuildConfiguration;
			buildSettings = {
				ALWAYS_SEARCH_USER_PATHS = NO;
				CLANG_ANALYZER_NONNULL = YES;
				CLANG_ANALYZER_NUMBER_OBJECT_CONVERSION = YES_AGGRESSIVE;
				CLANG_CXX_LANGUAGE_STANDARD = "gnu++14";
				CLANG_CXX_LIBRARY = "libc++";
				CLANG_ENABLE_MODULES = YES;
				CLANG_ENABLE_OBJC_ARC = YES;
				CLANG_ENABLE_OBJC_WEAK = YES;
				CLANG_WARN_BLOCK_CAPTURE_AUTORELEASING = YES;
				CLANG_WARN_BOOL_CONVERSION = YES;
				CLANG_WARN_COMMA = YES;
				CLANG_WARN_CONSTANT_CONVERSION = YES;
				CLANG_WARN_DEPRECATED_OBJC_IMPLEMENTATIONS = YES;
				CLANG_WARN_DIRECT_OBJC_ISA_USAGE = YES_ERROR;
				CLANG_WARN_DOCUMENTATION_COMMENTS = YES;
				CLANG_WARN_EMPTY_BODY = YES;
				CLANG_WARN_ENUM_CONVERSION = YES;
				CLANG_WARN_INFINITE_RECURSION = YES;
				CLANG_WARN_INT_CONVERSION = YES;
				CLANG_WARN_NON_LITERAL_NULL_CONVERSION = YES;
				CLANG_WARN_OBJC_IMPLICIT_RETAIN_SELF = YES;
				CLANG_WARN_OBJC_LITERAL_CONVERSION = YES;
				CLANG_WARN_OBJC_ROOT_CLASS = YES_ERROR;
				CLANG_WARN_RANGE_LOOP_ANALYSIS = YES;
				CLANG_WARN_STRICT_PROTOTYPES = YES;
				CLANG_WARN_SUSPICIOUS_MOVE = YES;
				CLANG_WARN_UNGUARDED_AVAILABILITY = YES_AGGRESSIVE;
				CLANG_WARN_UNREACHABLE_CODE = YES;
				CLANG_WARN__DUPLICATE_METHOD_MATCH = YES;
				CODE_SIGN_IDENTITY = "iPhone Developer";
				COPY_PHASE_STRIP = NO;
				DEBUG_INFORMATION_FORMAT = "dwarf-with-dsym";
				ENABLE_NS_ASSERTIONS = NO;
				ENABLE_STRICT_OBJC_MSGSEND = YES;
				GCC_C_LANGUAGE_STANDARD = gnu11;
				GCC_NO_COMMON_BLOCKS = YES;
				GCC_WARN_64_TO_32_BIT_CONVERSION = YES;
				GCC_WARN_ABOUT_RETURN_TYPE = YES_ERROR;
				GCC_WARN_UNDECLARED_SELECTOR = YES;
				GCC_WARN_UNINITIALIZED_AUTOS = YES_AGGRESSIVE;
				GCC_WARN_UNUSED_FUNCTION = YES;
				GCC_WARN_UNUSED_VARIABLE = YES;
				IPHONEOS_DEPLOYMENT_TARGET = 11.3;
				MTL_ENABLE_DEBUG_INFO = NO;
				SDKROOT = iphoneos;
				SWIFT_COMPILATION_MODE = wholemodule;
				SWIFT_OPTIMIZATION_LEVEL = "-O";
				VALIDATE_PRODUCT = YES;
			};
			name = Release;
		};
		02BCD24020B971FE00BAAA82 /* Debug */ = {
			isa = XCBuildConfiguration;
			buildSettings = {
				ASSETCATALOG_COMPILER_APPICON_NAME = AppIcon;
				CODE_SIGN_STYLE = Automatic;
				DEVELOPMENT_TEAM = E2BGP67TX9;
				INFOPLIST_FILE = iOS_CollectionViews/Info.plist;
				LD_RUNPATH_SEARCH_PATHS = (
					"$(inherited)",
					"@executable_path/Frameworks",
				);
				PRODUCT_BUNDLE_IDENTIFIER = "de.macundi.iOS-CollectionViews";
				PRODUCT_NAME = "$(TARGET_NAME)";
				SWIFT_VERSION = 4.0;
				TARGETED_DEVICE_FAMILY = "1,2";
			};
			name = Debug;
		};
		02BCD24120B971FE00BAAA82 /* Release */ = {
			isa = XCBuildConfiguration;
			buildSettings = {
				ASSETCATALOG_COMPILER_APPICON_NAME = AppIcon;
				CODE_SIGN_STYLE = Automatic;
				DEVELOPMENT_TEAM = E2BGP67TX9;
				INFOPLIST_FILE = iOS_CollectionViews/Info.plist;
				LD_RUNPATH_SEARCH_PATHS = (
					"$(inherited)",
					"@executable_path/Frameworks",
				);
				PRODUCT_BUNDLE_IDENTIFIER = "de.macundi.iOS-CollectionViews";
				PRODUCT_NAME = "$(TARGET_NAME)";
				SWIFT_VERSION = 4.0;
				TARGETED_DEVICE_FAMILY = "1,2";
			};
			name = Release;
		};
/* End XCBuildConfiguration section */

/* Begin XCConfigurationList section */
		02BCD22820B971FD00BAAA82 /* Build configuration list for PBXProject "iOS_CollectionViews" */ = {
			isa = XCConfigurationList;
			buildConfigurations = (
				02BCD23D20B971FE00BAAA82 /* Debug */,
				02BCD23E20B971FE00BAAA82 /* Release */,
			);
			defaultConfigurationIsVisible = 0;
			defaultConfigurationName = Release;
		};
		02BCD23F20B971FE00BAAA82 /* Build configuration list for PBXNativeTarget "iOS_CollectionViews" */ = {
			isa = XCConfigurationList;
			buildConfigurations = (
				02BCD24020B971FE00BAAA82 /* Debug */,
				02BCD24120B971FE00BAAA82 /* Release */,
			);
			defaultConfigurationIsVisible = 0;
			defaultConfigurationName = Release;
		};
/* End XCConfigurationList section */
	};
	rootObject = 02BCD22520B971FD00BAAA82 /* Project object */;
}
